
Microsoft Visual Studio Solution File, Format Version 12.00
# Visual Studio Version 17
VisualStudioVersion = 17.9.34607.119
MinimumVisualStudioVersion = 10.0.40219.1
Project("{FAE04EC0-301F-11D3-BF4B-00C04F79EFBC}") = "FiapAPIDocker", "FiapAPIDocker.csproj", "{931C9781-F45C-4B6F-85B6-9FB149943DBA}"
EndProject
Global
	GlobalSection(SolutionConfigurationPlatforms) = preSolution
		Debug|Any CPU = Debug|Any CPU
		Release|Any CPU = Release|Any CPU
	EndGlobalSection
	GlobalSection(ProjectConfigurationPlatforms) = postSolution
		{931C9781-F45C-4B6F-85B6-9FB149943DBA}.Debug|Any CPU.ActiveCfg = Debug|Any CPU
		{931C9781-F45C-4B6F-85B6-9FB149943DBA}.Debug|Any CPU.Build.0 = Debug|Any CPU
		{931C9781-F45C-4B6F-85B6-9FB149943DBA}.Release|Any CPU.ActiveCfg = Release|Any CPU
		{931C9781-F45C-4B6F-85B6-9FB149943DBA}.Release|Any CPU.Build.0 = Release|Any CPU
	EndGlobalSection
	GlobalSection(SolutionProperties) = preSolution
		HideSolutionNode = FALSE
	EndGlobalSection
	GlobalSection(ExtensibilityGlobals) = postSolution
		SolutionGuid = {7541CE3B-756B-4721-85AC-E48D1E32467D}
	EndGlobalSection
EndGlobal
